
Microsoft Visual Studio Solution File, Format Version 12.00
# Visual Studio Version 16
VisualStudioVersion = 16.0.30907.101
MinimumVisualStudioVersion = 10.0.40219.1
Project("{FAE04EC0-301F-11D3-BF4B-00C04F79EFBC}") = "MeetMe", "MeetMe\MeetMe.csproj", "{45C981CF-E68C-4A7F-8441-110882DCA499}"
EndProject
Global
	GlobalSection(SolutionConfigurationPlatforms) = preSolution
		Debug|Any CPU = Debug|Any CPU
		Release|Any CPU = Release|Any CPU
	EndGlobalSection
	GlobalSection(ProjectConfigurationPlatforms) = postSolution
		{45C981CF-E68C-4A7F-8441-110882DCA499}.Debug|Any CPU.ActiveCfg = Debug|Any CPU
		{45C981CF-E68C-4A7F-8441-110882DCA499}.Debug|Any CPU.Build.0 = Debug|Any CPU
		{45C981CF-E68C-4A7F-8441-110882DCA499}.Release|Any CPU.ActiveCfg = Release|Any CPU
		{45C981CF-E68C-4A7F-8441-110882DCA499}.Release|Any CPU.Build.0 = Release|Any CPU
	EndGlobalSection
	GlobalSection(SolutionProperties) = preSolution
		HideSolutionNode = FALSE
	EndGlobalSection
	GlobalSection(ExtensibilityGlobals) = postSolution
		SolutionGuid = {4C93EC86-D53B-44A8-9D3A-E30A101043A5}
	EndGlobalSection
EndGlobal
